
Microsoft Visual Studio Solution File, Format Version 12.00
# Visual Studio 2013
VisualStudioVersion = 12.0.31101.0
MinimumVisualStudioVersion = 10.0.40219.1
Project("{FAE04EC0-301F-11D3-BF4B-00C04F79EFBC}") = "PruebaClase1", "PruebaClase1\PruebaClase1.csproj", "{5975EDCF-0912-4AE5-846D-16D509D3EAFB}"
EndProject
Project("{FAE04EC0-301F-11D3-BF4B-00C04F79EFBC}") = "Datos", "Datos\Datos.csproj", "{825ED458-26E3-4818-8738-8CFCDA0DE088}"
EndProject
Project("{FAE04EC0-301F-11D3-BF4B-00C04F79EFBC}") = "Logica", "Logica\Logica.csproj", "{66FA3EFA-CEF3-46F5-891B-E1E8A6D48890}"
EndProject
Project("{FAE04EC0-301F-11D3-BF4B-00C04F79EFBC}") = "Entidades", "Entidades\Entidades.csproj", "{F3F952F8-1538-4B08-8F8B-4EB347DCD482}"
EndProject
Global
	GlobalSection(SolutionConfigurationPlatforms) = preSolution
		Debug|Any CPU = Debug|Any CPU
		Release|Any CPU = Release|Any CPU
	EndGlobalSection
	GlobalSection(ProjectConfigurationPlatforms) = postSolution
		{5975EDCF-0912-4AE5-846D-16D509D3EAFB}.Debug|Any CPU.ActiveCfg = Debug|Any CPU
		{5975EDCF-0912-4AE5-846D-16D509D3EAFB}.Debug|Any CPU.Build.0 = Debug|Any CPU
		{5975EDCF-0912-4AE5-846D-16D509D3EAFB}.Release|Any CPU.ActiveCfg = Release|Any CPU
		{5975EDCF-0912-4AE5-846D-16D509D3EAFB}.Release|Any CPU.Build.0 = Release|Any CPU
		{825ED458-26E3-4818-8738-8CFCDA0DE088}.Debug|Any CPU.ActiveCfg = Debug|Any CPU
		{825ED458-26E3-4818-8738-8CFCDA0DE088}.Debug|Any CPU.Build.0 = Debug|Any CPU
		{825ED458-26E3-4818-8738-8CFCDA0DE088}.Release|Any CPU.ActiveCfg = Release|Any CPU
		{825ED458-26E3-4818-8738-8CFCDA0DE088}.Release|Any CPU.Build.0 = Release|Any CPU
		{66FA3EFA-CEF3-46F5-891B-E1E8A6D48890}.Debug|Any CPU.ActiveCfg = Debug|Any CPU
		{66FA3EFA-CEF3-46F5-891B-E1E8A6D48890}.Debug|Any CPU.Build.0 = Debug|Any CPU
		{66FA3EFA-CEF3-46F5-891B-E1E8A6D48890}.Release|Any CPU.ActiveCfg = Release|Any CPU
		{66FA3EFA-CEF3-46F5-891B-E1E8A6D48890}.Release|Any CPU.Build.0 = Release|Any CPU
		{F3F952F8-1538-4B08-8F8B-4EB347DCD482}.Debug|Any CPU.ActiveCfg = Debug|Any CPU
		{F3F952F8-1538-4B08-8F8B-4EB347DCD482}.Debug|Any CPU.Build.0 = Debug|Any CPU
		{F3F952F8-1538-4B08-8F8B-4EB347DCD482}.Release|Any CPU.ActiveCfg = Release|Any CPU
		{F3F952F8-1538-4B08-8F8B-4EB347DCD482}.Release|Any CPU.Build.0 = Release|Any CPU
	EndGlobalSection
	GlobalSection(SolutionProperties) = preSolution
		HideSolutionNode = FALSE
	EndGlobalSection
EndGlobal
