
Microsoft Visual Studio Solution File, Format Version 12.00
# Visual Studio 2013
VisualStudioVersion = 12.0.31101.0
MinimumVisualStudioVersion = 10.0.40219.1
Project("{FAE04EC0-301F-11D3-BF4B-00C04F79EFBC}") = "HTML-Control", "HTML-Control\HTML-Control.csproj", "{14ABA6E1-2378-409B-8F34-D0F04778FEFE}"
EndProject
Global
	GlobalSection(SolutionConfigurationPlatforms) = preSolution
		Debug|Any CPU = Debug|Any CPU
		Release|Any CPU = Release|Any CPU
	EndGlobalSection
	GlobalSection(ProjectConfigurationPlatforms) = postSolution
		{14ABA6E1-2378-409B-8F34-D0F04778FEFE}.Debug|Any CPU.ActiveCfg = Debug|Any CPU
		{14ABA6E1-2378-409B-8F34-D0F04778FEFE}.Debug|Any CPU.Build.0 = Debug|Any CPU
		{14ABA6E1-2378-409B-8F34-D0F04778FEFE}.Release|Any CPU.ActiveCfg = Release|Any CPU
		{14ABA6E1-2378-409B-8F34-D0F04778FEFE}.Release|Any CPU.Build.0 = Release|Any CPU
	EndGlobalSection
	GlobalSection(SolutionProperties) = preSolution
		HideSolutionNode = FALSE
	EndGlobalSection
EndGlobal
