
Microsoft Visual Studio Solution File, Format Version 12.00
# Visual Studio Express 2012 for Windows Desktop
Project("{FAE04EC0-301F-11D3-BF4B-00C04F79EFBC}") = "Árbol - Estructura de datos", "Árbol - Estructura de datos\Árbol - Estructura de datos.csproj", "{EC6FDB5E-3F34-4882-BEB6-CCB5F4E7B9A7}"
EndProject
Global
	GlobalSection(SolutionConfigurationPlatforms) = preSolution
		Debug|Any CPU = Debug|Any CPU
		Release|Any CPU = Release|Any CPU
	EndGlobalSection
	GlobalSection(ProjectConfigurationPlatforms) = postSolution
		{EC6FDB5E-3F34-4882-BEB6-CCB5F4E7B9A7}.Debug|Any CPU.ActiveCfg = Debug|Any CPU
		{EC6FDB5E-3F34-4882-BEB6-CCB5F4E7B9A7}.Debug|Any CPU.Build.0 = Debug|Any CPU
		{EC6FDB5E-3F34-4882-BEB6-CCB5F4E7B9A7}.Release|Any CPU.ActiveCfg = Release|Any CPU
		{EC6FDB5E-3F34-4882-BEB6-CCB5F4E7B9A7}.Release|Any CPU.Build.0 = Release|Any CPU
	EndGlobalSection
	GlobalSection(SolutionProperties) = preSolution
		HideSolutionNode = FALSE
	EndGlobalSection
EndGlobal
